# THIS IS AN AUTOGENERATED FILE. DO NOT EDIT THIS FILE DIRECTLY.
# yarn lockfile v1


aer-types@^1.0.4:
  version "1.0.4"
  resolved "https://registry.yarnpkg.com/aer-types/-/aer-types-1.0.4.tgz#7e4abc5e92fadcf120dd34f6e1cffb69043f98cf"
  integrity sha512-rjYRGQBR7Up81gS3jE36FI9gTjQYYYGigRGnEOIDM7Bas5774uElPE55jsDBs8rmCixuQX5thm10ro1ugVF2GA==
